{
  "originHash" : "9a21dee3b57c89a25756cd7ef0b9ab0586a917aec60e1b3627cc6b1b404447db",
  "pins" : [
    {
      "identity" : "toastview",
      "kind" : "remoteSourceControl",
      "location" : "https://github.com/iheartswift/ToastView.git",
      "state" : {
        "branch" : "main",
        "revision" : "caccadc7cf6cd5f26c9e4bfd43ad05cac662f3a0"
      }
    }
  ],
  "version" : 3
}
