{
  "originHash" : "444e1aeb3ec831c0c0fcaf7619e7f57404ce658fe0700799827858f74b32c7ed",
  "pins" : [
    {
      "identity" : "rainbow",
      "kind" : "remoteSourceControl",
      "location" : "https://github.com/iheartswift/Rainbow",
      "state" : {
        "revision" : "195d57e6a8d93abd06840f73765a24408d3c9e8f",
        "version" : "2.1.0"
      }
    }
  ],
  "version" : 3
}
