{
  "originHash" : "5752cad7f6d22dcd1a97c5fb3e4e53564c15b61ae46e3fd183da3b67aa271cfd",
  "pins" : [
    {
      "identity" : "rainbow",
      "kind" : "remoteSourceControl",
      "location" : "https://github.com/iheartswift/Rainbow.git",
      "state" : {
        "revision" : "35577c25c365d4f64f63eb28c1b6921ee12d5f45",
        "version" : "2.0.0"
      }
    }
  ],
  "version" : 3
}
