{
  "originHash" : "444e1aeb3ec831c0c0fcaf7619e7f57404ce658fe0700799827858f74b32c7ed",
  "pins" : [
    {
      "identity" : "rainbow",
      "kind" : "remoteSourceControl",
      "location" : "https://github.com/iheartswift/Rainbow",
      "state" : {
        "revision" : "7445a2e73df1221d1723fba15a3ce3972d7f5ec5",
        "version" : "2.1.1"
      }
    }
  ],
  "version" : 3
}
