{
  "originHash" : "ab1ba190c28637f603d312e73a1f7e1c3c98b990a8545c62ee6afc72a5aab9ec",
  "pins" : [
    {
      "identity" : "knox",
      "kind" : "remoteSourceControl",
      "location" : "https://github.com/iheartswift/Knox.git",
      "state" : {
        "revision" : "5b33c39e980d784f7e7adfcd76fd0f8121573a1e",
        "version" : "1.0.4"
      }
    }
  ],
  "version" : 3
}
