// !$*UTF8*$!
{
	archiveVersion = 1;
	classes = {
	};
	objectVersion = 60;
	objects = {

/* Begin PBXBuildFile section */
		9A0188812C5417E30041D4AC /* Rainbow in Frameworks */ = {isa = PBXBuildFile; productRef = 9A0188802C5417E30041D4AC /* Rainbow */; };
		9A0188842C54183E0041D4AC /* Rainbow in Frameworks */ = {isa = PBXBuildFile; productRef = 9A0188832C54183E0041D4AC /* Rainbow */; };
		9A01888A2C5419880041D4AC /* Rainbow in Frameworks */ = {isa = PBXBuildFile; productRef = 9A0188892C5419880041D4AC /* Rainbow */; };
		9A0188902C54200D0041D4AC /* Rainbow in Frameworks */ = {isa = PBXBuildFile; productRef = 9A01888F2C54200D0041D4AC /* Rainbow */; };
		9A4B028F2C501630005D7494 /* Rainbow in Frameworks */ = {isa = PBXBuildFile; productRef = 9A4B028E2C501630005D7494 /* Rainbow */; };
		9A557CB82C51BC3B0053BF33 /* Rainbow in Frameworks */ = {isa = PBXBuildFile; productRef = 9A557CB72C51BC3B0053BF33 /* Rainbow */; };
		9A557CBE2C51C28F0053BF33 /* Rainbow in Frameworks */ = {isa = PBXBuildFile; productRef = 9A557CBD2C51C28F0053BF33 /* Rainbow */; };
		9A557CC92C527A640053BF33 /* ExampleToggleView.swift in Sources */ = {isa = PBXBuildFile; fileRef = 9A557CC82C527A640053BF33 /* ExampleToggleView.swift */; };
		9A557CCB2C527AA90053BF33 /* ExampleToggleGroupView.swift in Sources */ = {isa = PBXBuildFile; fileRef = 9A557CCA2C527AA90053BF33 /* ExampleToggleGroupView.swift */; };
		9A557CD02C53D64F0053BF33 /* ExampleSwitchView.swift in Sources */ = {isa = PBXBuildFile; fileRef = 9A557CCF2C53D64F0053BF33 /* ExampleSwitchView.swift */; };
		9A96F07A2C2B0F0100E02B6B /* RainbowExamplesApp.swift in Sources */ = {isa = PBXBuildFile; fileRef = 9A96F0792C2B0F0100E02B6B /* RainbowExamplesApp.swift */; };
		9A96F07C2C2B0F0100E02B6B /* ContentView.swift in Sources */ = {isa = PBXBuildFile; fileRef = 9A96F07B2C2B0F0100E02B6B /* ContentView.swift */; };
		9A96F07E2C2B0F0200E02B6B /* Assets.xcassets in Resources */ = {isa = PBXBuildFile; fileRef = 9A96F07D2C2B0F0200E02B6B /* Assets.xcassets */; };
		9A96F0822C2B0F0200E02B6B /* Preview Assets.xcassets in Resources */ = {isa = PBXBuildFile; fileRef = 9A96F0812C2B0F0200E02B6B /* Preview Assets.xcassets */; };
		9A96F08A2C2B0F3200E02B6B /* Rainbow in Frameworks */ = {isa = PBXBuildFile; productRef = 9A96F0892C2B0F3200E02B6B /* Rainbow */; };
		9A96F08C2C2B107400E02B6B /* ExampleButtonsView.swift in Sources */ = {isa = PBXBuildFile; fileRef = 9A96F08B2C2B107400E02B6B /* ExampleButtonsView.swift */; };
		9A96F08E2C2B12D500E02B6B /* ExampleProgressBarsView.swift in Sources */ = {isa = PBXBuildFile; fileRef = 9A96F08D2C2B12D500E02B6B /* ExampleProgressBarsView.swift */; };
		9A96F0902C2B5B1600E02B6B /* ExampleProgressScrollView.swift in Sources */ = {isa = PBXBuildFile; fileRef = 9A96F08F2C2B5B1600E02B6B /* ExampleProgressScrollView.swift */; };
		9A96F09F2C2DEB0F00E02B6B /* ExampleCardView.swift in Sources */ = {isa = PBXBuildFile; fileRef = 9A96F09E2C2DEB0F00E02B6B /* ExampleCardView.swift */; };
		9A96F0A42C3032DE00E02B6B /* SalesCharts.swift in Sources */ = {isa = PBXBuildFile; fileRef = 9A96F0A32C3032DE00E02B6B /* SalesCharts.swift */; };
		9AB2C0B72C50240C00607786 /* ExampleFieldsView.swift in Sources */ = {isa = PBXBuildFile; fileRef = 9AB2C0B62C50240C00607786 /* ExampleFieldsView.swift */; };
		9AC52A292D2AF1C400590523 /* Rainbow in Frameworks */ = {isa = PBXBuildFile; productRef = 9AC52A282D2AF1C400590523 /* Rainbow */; };
		9AE54E512C3AD3B500377088 /* Rainbow in Frameworks */ = {isa = PBXBuildFile; productRef = 9AE54E502C3AD3B500377088 /* Rainbow */; };
		9AE54E532C3AD5AE00377088 /* ExampleNotificationsView.swift in Sources */ = {isa = PBXBuildFile; fileRef = 9AE54E522C3AD5AD00377088 /* ExampleNotificationsView.swift */; };
/* End PBXBuildFile section */

/* Begin PBXFileReference section */
		9A557CC82C527A640053BF33 /* ExampleToggleView.swift */ = {isa = PBXFileReference; lastKnownFileType = sourcecode.swift; path = ExampleToggleView.swift; sourceTree = "<group>"; };
		9A557CCA2C527AA90053BF33 /* ExampleToggleGroupView.swift */ = {isa = PBXFileReference; lastKnownFileType = sourcecode.swift; path = ExampleToggleGroupView.swift; sourceTree = "<group>"; };
		9A557CCF2C53D64F0053BF33 /* ExampleSwitchView.swift */ = {isa = PBXFileReference; lastKnownFileType = sourcecode.swift; path = ExampleSwitchView.swift; sourceTree = "<group>"; };
		9A96F0762C2B0F0100E02B6B /* RainbowExamples.app */ = {isa = PBXFileReference; explicitFileType = wrapper.application; includeInIndex = 0; path = RainbowExamples.app; sourceTree = BUILT_PRODUCTS_DIR; };
		9A96F0792C2B0F0100E02B6B /* RainbowExamplesApp.swift */ = {isa = PBXFileReference; lastKnownFileType = sourcecode.swift; path = RainbowExamplesApp.swift; sourceTree = "<group>"; };
		9A96F07B2C2B0F0100E02B6B /* ContentView.swift */ = {isa = PBXFileReference; lastKnownFileType = sourcecode.swift; path = ContentView.swift; sourceTree = "<group>"; };
		9A96F07D2C2B0F0200E02B6B /* Assets.xcassets */ = {isa = PBXFileReference; lastKnownFileType = folder.assetcatalog; path = Assets.xcassets; sourceTree = "<group>"; };
		9A96F07F2C2B0F0200E02B6B /* RainbowExamples.entitlements */ = {isa = PBXFileReference; lastKnownFileType = text.plist.entitlements; path = RainbowExamples.entitlements; sourceTree = "<group>"; };
		9A96F0812C2B0F0200E02B6B /* Preview Assets.xcassets */ = {isa = PBXFileReference; lastKnownFileType = folder.assetcatalog; path = "Preview Assets.xcassets"; sourceTree = "<group>"; };
		9A96F08B2C2B107400E02B6B /* ExampleButtonsView.swift */ = {isa = PBXFileReference; lastKnownFileType = sourcecode.swift; path = ExampleButtonsView.swift; sourceTree = "<group>"; };
		9A96F08D2C2B12D500E02B6B /* ExampleProgressBarsView.swift */ = {isa = PBXFileReference; lastKnownFileType = sourcecode.swift; path = ExampleProgressBarsView.swift; sourceTree = "<group>"; };
		9A96F08F2C2B5B1600E02B6B /* ExampleProgressScrollView.swift */ = {isa = PBXFileReference; lastKnownFileType = sourcecode.swift; path = ExampleProgressScrollView.swift; sourceTree = "<group>"; };
		9A96F09E2C2DEB0F00E02B6B /* ExampleCardView.swift */ = {isa = PBXFileReference; lastKnownFileType = sourcecode.swift; path = ExampleCardView.swift; sourceTree = "<group>"; };
		9A96F0A02C2F740900E02B6B /* Info.plist */ = {isa = PBXFileReference; lastKnownFileType = text.plist; path = Info.plist; sourceTree = "<group>"; };
		9A96F0A32C3032DE00E02B6B /* SalesCharts.swift */ = {isa = PBXFileReference; lastKnownFileType = sourcecode.swift; path = SalesCharts.swift; sourceTree = "<group>"; };
		9AB2C0B62C50240C00607786 /* ExampleFieldsView.swift */ = {isa = PBXFileReference; lastKnownFileType = sourcecode.swift; path = ExampleFieldsView.swift; sourceTree = "<group>"; };
		9AE54E522C3AD5AD00377088 /* ExampleNotificationsView.swift */ = {isa = PBXFileReference; lastKnownFileType = sourcecode.swift; path = ExampleNotificationsView.swift; sourceTree = "<group>"; };
/* End PBXFileReference section */

/* Begin PBXFrameworksBuildPhase section */
		9A96F0732C2B0F0100E02B6B /* Frameworks */ = {
			isa = PBXFrameworksBuildPhase;
			buildActionMask = 2147483647;
			files = (
				9A557CBE2C51C28F0053BF33 /* Rainbow in Frameworks */,
				9A01888A2C5419880041D4AC /* Rainbow in Frameworks */,
				9A4B028F2C501630005D7494 /* Rainbow in Frameworks */,
				9A557CB82C51BC3B0053BF33 /* Rainbow in Frameworks */,
				9A0188812C5417E30041D4AC /* Rainbow in Frameworks */,
				9AC52A292D2AF1C400590523 /* Rainbow in Frameworks */,
				9A0188842C54183E0041D4AC /* Rainbow in Frameworks */,
				9A0188902C54200D0041D4AC /* Rainbow in Frameworks */,
				9A96F08A2C2B0F3200E02B6B /* Rainbow in Frameworks */,
				9AE54E512C3AD3B500377088 /* Rainbow in Frameworks */,
			);
			runOnlyForDeploymentPostprocessing = 0;
		};
/* End PBXFrameworksBuildPhase section */

/* Begin PBXGroup section */
		9A557CCC2C527E510053BF33 /* Glass */ = {
			isa = PBXGroup;
			children = (
			);
			path = Glass;
			sourceTree = "<group>";
		};
		9A96F06D2C2B0F0100E02B6B = {
			isa = PBXGroup;
			children = (
				9A96F0782C2B0F0100E02B6B /* RainbowExamples */,
				9A96F0772C2B0F0100E02B6B /* Products */,
			);
			sourceTree = "<group>";
		};
		9A96F0772C2B0F0100E02B6B /* Products */ = {
			isa = PBXGroup;
			children = (
				9A96F0762C2B0F0100E02B6B /* RainbowExamples.app */,
			);
			name = Products;
			sourceTree = "<group>";
		};
		9A96F0782C2B0F0100E02B6B /* RainbowExamples */ = {
			isa = PBXGroup;
			children = (
				9A557CCC2C527E510053BF33 /* Glass */,
				9A96F0792C2B0F0100E02B6B /* RainbowExamplesApp.swift */,
				9A96F07B2C2B0F0100E02B6B /* ContentView.swift */,
				9A96F0912C2B5B2700E02B6B /* Examples */,
				9A96F0A12C3032B800E02B6B /* Views */,
				9A96F0A02C2F740900E02B6B /* Info.plist */,
				9A96F07D2C2B0F0200E02B6B /* Assets.xcassets */,
				9A96F07F2C2B0F0200E02B6B /* RainbowExamples.entitlements */,
				9A96F0802C2B0F0200E02B6B /* Preview Content */,
			);
			path = RainbowExamples;
			sourceTree = "<group>";
		};
		9A96F0802C2B0F0200E02B6B /* Preview Content */ = {
			isa = PBXGroup;
			children = (
				9A96F0812C2B0F0200E02B6B /* Preview Assets.xcassets */,
			);
			path = "Preview Content";
			sourceTree = "<group>";
		};
		9A96F0912C2B5B2700E02B6B /* Examples */ = {
			isa = PBXGroup;
			children = (
				9A96F08B2C2B107400E02B6B /* ExampleButtonsView.swift */,
				9A96F08D2C2B12D500E02B6B /* ExampleProgressBarsView.swift */,
				9A96F08F2C2B5B1600E02B6B /* ExampleProgressScrollView.swift */,
				9A96F09E2C2DEB0F00E02B6B /* ExampleCardView.swift */,
				9AE54E522C3AD5AD00377088 /* ExampleNotificationsView.swift */,
				9AB2C0B62C50240C00607786 /* ExampleFieldsView.swift */,
				9A557CC82C527A640053BF33 /* ExampleToggleView.swift */,
				9A557CCA2C527AA90053BF33 /* ExampleToggleGroupView.swift */,
				9A557CCF2C53D64F0053BF33 /* ExampleSwitchView.swift */,
			);
			path = Examples;
			sourceTree = "<group>";
		};
		9A96F0A12C3032B800E02B6B /* Views */ = {
			isa = PBXGroup;
			children = (
				9A96F0A22C3032C900E02B6B /* Charts */,
			);
			path = Views;
			sourceTree = "<group>";
		};
		9A96F0A22C3032C900E02B6B /* Charts */ = {
			isa = PBXGroup;
			children = (
				9A96F0A32C3032DE00E02B6B /* SalesCharts.swift */,
			);
			path = Charts;
			sourceTree = "<group>";
		};
/* End PBXGroup section */

/* Begin PBXNativeTarget section */
		9A96F0752C2B0F0100E02B6B /* RainbowExamples */ = {
			isa = PBXNativeTarget;
			buildConfigurationList = 9A96F0852C2B0F0200E02B6B /* Build configuration list for PBXNativeTarget "RainbowExamples" */;
			buildPhases = (
				9A96F0722C2B0F0100E02B6B /* Sources */,
				9A96F0732C2B0F0100E02B6B /* Frameworks */,
				9A96F0742C2B0F0100E02B6B /* Resources */,
			);
			buildRules = (
			);
			dependencies = (
			);
			name = RainbowExamples;
			packageProductDependencies = (
				9A96F0892C2B0F3200E02B6B /* Rainbow */,
				9AE54E502C3AD3B500377088 /* Rainbow */,
				9A4B028E2C501630005D7494 /* Rainbow */,
				9A557CB72C51BC3B0053BF33 /* Rainbow */,
				9A557CBD2C51C28F0053BF33 /* Rainbow */,
				9A0188802C5417E30041D4AC /* Rainbow */,
				9A0188832C54183E0041D4AC /* Rainbow */,
				9A0188892C5419880041D4AC /* Rainbow */,
				9A01888F2C54200D0041D4AC /* Rainbow */,
				9AC52A282D2AF1C400590523 /* Rainbow */,
			);
			productName = RainbowExamples;
			productReference = 9A96F0762C2B0F0100E02B6B /* RainbowExamples.app */;
			productType = "com.apple.product-type.application";
		};
/* End PBXNativeTarget section */

/* Begin PBXProject section */
		9A96F06E2C2B0F0100E02B6B /* Project object */ = {
			isa = PBXProject;
			attributes = {
				BuildIndependentTargetsInParallel = 1;
				LastSwiftUpdateCheck = 1530;
				LastUpgradeCheck = 1540;
				TargetAttributes = {
					9A96F0752C2B0F0100E02B6B = {
						CreatedOnToolsVersion = 15.3;
					};
				};
			};
			buildConfigurationList = 9A96F0712C2B0F0100E02B6B /* Build configuration list for PBXProject "RainbowExamples" */;
			compatibilityVersion = "Xcode 14.0";
			developmentRegion = en;
			hasScannedForEncodings = 0;
			knownRegions = (
				en,
				Base,
			);
			mainGroup = 9A96F06D2C2B0F0100E02B6B;
			packageReferences = (
				9AC52A272D2AF1C400590523 /* XCLocalSwiftPackageReference "../../Rainbow" */,
			);
			productRefGroup = 9A96F0772C2B0F0100E02B6B /* Products */;
			projectDirPath = "";
			projectRoot = "";
			targets = (
				9A96F0752C2B0F0100E02B6B /* RainbowExamples */,
			);
		};
/* End PBXProject section */

/* Begin PBXResourcesBuildPhase section */
		9A96F0742C2B0F0100E02B6B /* Resources */ = {
			isa = PBXResourcesBuildPhase;
			buildActionMask = 2147483647;
			files = (
				9A96F0822C2B0F0200E02B6B /* Preview Assets.xcassets in Resources */,
				9A96F07E2C2B0F0200E02B6B /* Assets.xcassets in Resources */,
			);
			runOnlyForDeploymentPostprocessing = 0;
		};
/* End PBXResourcesBuildPhase section */

/* Begin PBXSourcesBuildPhase section */
		9A96F0722C2B0F0100E02B6B /* Sources */ = {
			isa = PBXSourcesBuildPhase;
			buildActionMask = 2147483647;
			files = (
				9A96F0902C2B5B1600E02B6B /* ExampleProgressScrollView.swift in Sources */,
				9A557CCB2C527AA90053BF33 /* ExampleToggleGroupView.swift in Sources */,
				9A96F08C2C2B107400E02B6B /* ExampleButtonsView.swift in Sources */,
				9A557CD02C53D64F0053BF33 /* ExampleSwitchView.swift in Sources */,
				9AE54E532C3AD5AE00377088 /* ExampleNotificationsView.swift in Sources */,
				9A96F0A42C3032DE00E02B6B /* SalesCharts.swift in Sources */,
				9A96F08E2C2B12D500E02B6B /* ExampleProgressBarsView.swift in Sources */,
				9A557CC92C527A640053BF33 /* ExampleToggleView.swift in Sources */,
				9A96F07C2C2B0F0100E02B6B /* ContentView.swift in Sources */,
				9A96F07A2C2B0F0100E02B6B /* RainbowExamplesApp.swift in Sources */,
				9AB2C0B72C50240C00607786 /* ExampleFieldsView.swift in Sources */,
				9A96F09F2C2DEB0F00E02B6B /* ExampleCardView.swift in Sources */,
			);
			runOnlyForDeploymentPostprocessing = 0;
		};
/* End PBXSourcesBuildPhase section */

/* Begin XCBuildConfiguration section */
		9A96F0832C2B0F0200E02B6B /* Debug */ = {
			isa = XCBuildConfiguration;
			buildSettings = {
				ALWAYS_SEARCH_USER_PATHS = NO;
				ASSETCATALOG_COMPILER_GENERATE_SWIFT_ASSET_SYMBOL_EXTENSIONS = YES;
				CLANG_ANALYZER_NONNULL = YES;
				CLANG_ANALYZER_NUMBER_OBJECT_CONVERSION = YES_AGGRESSIVE;
				CLANG_CXX_LANGUAGE_STANDARD = "gnu++20";
				CLANG_ENABLE_MODULES = YES;
				CLANG_ENABLE_OBJC_ARC = YES;
				CLANG_ENABLE_OBJC_WEAK = YES;
				CLANG_WARN_BLOCK_CAPTURE_AUTORELEASING = YES;
				CLANG_WARN_BOOL_CONVERSION = YES;
				CLANG_WARN_COMMA = YES;
				CLANG_WARN_CONSTANT_CONVERSION = YES;
				CLANG_WARN_DEPRECATED_OBJC_IMPLEMENTATIONS = YES;
				CLANG_WARN_DIRECT_OBJC_ISA_USAGE = YES_ERROR;
				CLANG_WARN_DOCUMENTATION_COMMENTS = YES;
				CLANG_WARN_EMPTY_BODY = YES;
				CLANG_WARN_ENUM_CONVERSION = YES;
				CLANG_WARN_INFINITE_RECURSION = YES;
				CLANG_WARN_INT_CONVERSION = YES;
				CLANG_WARN_NON_LITERAL_NULL_CONVERSION = YES;
				CLANG_WARN_OBJC_IMPLICIT_RETAIN_SELF = YES;
				CLANG_WARN_OBJC_LITERAL_CONVERSION = YES;
				CLANG_WARN_OBJC_ROOT_CLASS = YES_ERROR;
				CLANG_WARN_QUOTED_INCLUDE_IN_FRAMEWORK_HEADER = YES;
				CLANG_WARN_RANGE_LOOP_ANALYSIS = YES;
				CLANG_WARN_STRICT_PROTOTYPES = YES;
				CLANG_WARN_SUSPICIOUS_MOVE = YES;
				CLANG_WARN_UNGUARDED_AVAILABILITY = YES_AGGRESSIVE;
				CLANG_WARN_UNREACHABLE_CODE = YES;
				CLANG_WARN__DUPLICATE_METHOD_MATCH = YES;
				COPY_PHASE_STRIP = NO;
				DEAD_CODE_STRIPPING = YES;
				DEBUG_INFORMATION_FORMAT = dwarf;
				ENABLE_STRICT_OBJC_MSGSEND = YES;
				ENABLE_TESTABILITY = YES;
				ENABLE_USER_SCRIPT_SANDBOXING = YES;
				GCC_C_LANGUAGE_STANDARD = gnu17;
				GCC_DYNAMIC_NO_PIC = NO;
				GCC_NO_COMMON_BLOCKS = YES;
				GCC_OPTIMIZATION_LEVEL = 0;
				GCC_PREPROCESSOR_DEFINITIONS = (
					"DEBUG=1",
					"$(inherited)",
				);
				GCC_WARN_64_TO_32_BIT_CONVERSION = YES;
				GCC_WARN_ABOUT_RETURN_TYPE = YES_ERROR;
				GCC_WARN_UNDECLARED_SELECTOR = YES;
				GCC_WARN_UNINITIALIZED_AUTOS = YES_AGGRESSIVE;
				GCC_WARN_UNUSED_FUNCTION = YES;
				GCC_WARN_UNUSED_VARIABLE = YES;
				LOCALIZATION_PREFERS_STRING_CATALOGS = YES;
				MTL_ENABLE_DEBUG_INFO = INCLUDE_SOURCE;
				MTL_FAST_MATH = YES;
				ONLY_ACTIVE_ARCH = YES;
				SWIFT_ACTIVE_COMPILATION_CONDITIONS = "DEBUG $(inherited)";
				SWIFT_OPTIMIZATION_LEVEL = "-Onone";
			};
			name = Debug;
		};
		9A96F0842C2B0F0200E02B6B /* Release */ = {
			isa = XCBuildConfiguration;
			buildSettings = {
				ALWAYS_SEARCH_USER_PATHS = NO;
				ASSETCATALOG_COMPILER_GENERATE_SWIFT_ASSET_SYMBOL_EXTENSIONS = YES;
				CLANG_ANALYZER_NONNULL = YES;
				CLANG_ANALYZER_NUMBER_OBJECT_CONVERSION = YES_AGGRESSIVE;
				CLANG_CXX_LANGUAGE_STANDARD = "gnu++20";
				CLANG_ENABLE_MODULES = YES;
				CLANG_ENABLE_OBJC_ARC = YES;
				CLANG_ENABLE_OBJC_WEAK = YES;
				CLANG_WARN_BLOCK_CAPTURE_AUTORELEASING = YES;
				CLANG_WARN_BOOL_CONVERSION = YES;
				CLANG_WARN_COMMA = YES;
				CLANG_WARN_CONSTANT_CONVERSION = YES;
				CLANG_WARN_DEPRECATED_OBJC_IMPLEMENTATIONS = YES;
				CLANG_WARN_DIRECT_OBJC_ISA_USAGE = YES_ERROR;
				CLANG_WARN_DOCUMENTATION_COMMENTS = YES;
				CLANG_WARN_EMPTY_BODY = YES;
				CLANG_WARN_ENUM_CONVERSION = YES;
				CLANG_WARN_INFINITE_RECURSION = YES;
				CLANG_WARN_INT_CONVERSION = YES;
				CLANG_WARN_NON_LITERAL_NULL_CONVERSION = YES;
				CLANG_WARN_OBJC_IMPLICIT_RETAIN_SELF = YES;
				CLANG_WARN_OBJC_LITERAL_CONVERSION = YES;
				CLANG_WARN_OBJC_ROOT_CLASS = YES_ERROR;
				CLANG_WARN_QUOTED_INCLUDE_IN_FRAMEWORK_HEADER = YES;
				CLANG_WARN_RANGE_LOOP_ANALYSIS = YES;
				CLANG_WARN_STRICT_PROTOTYPES = YES;
				CLANG_WARN_SUSPICIOUS_MOVE = YES;
				CLANG_WARN_UNGUARDED_AVAILABILITY = YES_AGGRESSIVE;
				CLANG_WARN_UNREACHABLE_CODE = YES;
				CLANG_WARN__DUPLICATE_METHOD_MATCH = YES;
				COPY_PHASE_STRIP = NO;
				DEAD_CODE_STRIPPING = YES;
				DEBUG_INFORMATION_FORMAT = "dwarf-with-dsym";
				ENABLE_NS_ASSERTIONS = NO;
				ENABLE_STRICT_OBJC_MSGSEND = YES;
				ENABLE_USER_SCRIPT_SANDBOXING = YES;
				GCC_C_LANGUAGE_STANDARD = gnu17;
				GCC_NO_COMMON_BLOCKS = YES;
				GCC_WARN_64_TO_32_BIT_CONVERSION = YES;
				GCC_WARN_ABOUT_RETURN_TYPE = YES_ERROR;
				GCC_WARN_UNDECLARED_SELECTOR = YES;
				GCC_WARN_UNINITIALIZED_AUTOS = YES_AGGRESSIVE;
				GCC_WARN_UNUSED_FUNCTION = YES;
				GCC_WARN_UNUSED_VARIABLE = YES;
				LOCALIZATION_PREFERS_STRING_CATALOGS = YES;
				MTL_ENABLE_DEBUG_INFO = NO;
				MTL_FAST_MATH = YES;
				SWIFT_COMPILATION_MODE = wholemodule;
			};
			name = Release;
		};
		9A96F0862C2B0F0200E02B6B /* Debug */ = {
			isa = XCBuildConfiguration;
			buildSettings = {
				ASSETCATALOG_COMPILER_APPICON_NAME = AppIcon;
				ASSETCATALOG_COMPILER_GLOBAL_ACCENT_COLOR_NAME = AccentColor;
				CODE_SIGN_ENTITLEMENTS = RainbowExamples/RainbowExamples.entitlements;
				CODE_SIGN_STYLE = Automatic;
				CURRENT_PROJECT_VERSION = 1;
				DEAD_CODE_STRIPPING = YES;
				DEVELOPMENT_ASSET_PATHS = "\"RainbowExamples/Preview Content\"";
				DEVELOPMENT_TEAM = 4956A4G3WL;
				ENABLE_HARDENED_RUNTIME = YES;
				ENABLE_PREVIEWS = YES;
				GENERATE_INFOPLIST_FILE = YES;
				INFOPLIST_FILE = RainbowExamples/Info.plist;
				"INFOPLIST_KEY_UIApplicationSceneManifest_Generation[sdk=iphoneos*]" = YES;
				"INFOPLIST_KEY_UIApplicationSceneManifest_Generation[sdk=iphonesimulator*]" = YES;
				"INFOPLIST_KEY_UIApplicationSupportsIndirectInputEvents[sdk=iphoneos*]" = YES;
				"INFOPLIST_KEY_UIApplicationSupportsIndirectInputEvents[sdk=iphonesimulator*]" = YES;
				"INFOPLIST_KEY_UILaunchScreen_Generation[sdk=iphoneos*]" = YES;
				"INFOPLIST_KEY_UILaunchScreen_Generation[sdk=iphonesimulator*]" = YES;
				"INFOPLIST_KEY_UIStatusBarStyle[sdk=iphoneos*]" = UIStatusBarStyleDefault;
				"INFOPLIST_KEY_UIStatusBarStyle[sdk=iphonesimulator*]" = UIStatusBarStyleDefault;
				INFOPLIST_KEY_UISupportedInterfaceOrientations_iPad = "UIInterfaceOrientationPortrait UIInterfaceOrientationPortraitUpsideDown UIInterfaceOrientationLandscapeLeft UIInterfaceOrientationLandscapeRight";
				INFOPLIST_KEY_UISupportedInterfaceOrientations_iPhone = "UIInterfaceOrientationPortrait UIInterfaceOrientationLandscapeLeft UIInterfaceOrientationLandscapeRight";
				IPHONEOS_DEPLOYMENT_TARGET = 17.4;
				LD_RUNPATH_SEARCH_PATHS = "@executable_path/Frameworks";
				"LD_RUNPATH_SEARCH_PATHS[sdk=macosx*]" = "@executable_path/../Frameworks";
				MACOSX_DEPLOYMENT_TARGET = 14.3;
				MARKETING_VERSION = 1.0;
				PRODUCT_BUNDLE_IDENTIFIER = com.adamdahan.RainbowExamples;
				PRODUCT_NAME = "$(TARGET_NAME)";
				SDKROOT = auto;
				SUPPORTED_PLATFORMS = "appletvos appletvsimulator iphoneos iphonesimulator macosx";
				SUPPORTS_MACCATALYST = NO;
				SWIFT_EMIT_LOC_STRINGS = YES;
				SWIFT_VERSION = 5.0;
				TARGETED_DEVICE_FAMILY = "1,2,3";
			};
			name = Debug;
		};
		9A96F0872C2B0F0200E02B6B /* Release */ = {
			isa = XCBuildConfiguration;
			buildSettings = {
				ASSETCATALOG_COMPILER_APPICON_NAME = AppIcon;
				ASSETCATALOG_COMPILER_GLOBAL_ACCENT_COLOR_NAME = AccentColor;
				CODE_SIGN_ENTITLEMENTS = RainbowExamples/RainbowExamples.entitlements;
				CODE_SIGN_STYLE = Automatic;
				CURRENT_PROJECT_VERSION = 1;
				DEAD_CODE_STRIPPING = YES;
				DEVELOPMENT_ASSET_PATHS = "\"RainbowExamples/Preview Content\"";
				DEVELOPMENT_TEAM = 4956A4G3WL;
				ENABLE_HARDENED_RUNTIME = YES;
				ENABLE_PREVIEWS = YES;
				GENERATE_INFOPLIST_FILE = YES;
				INFOPLIST_FILE = RainbowExamples/Info.plist;
				"INFOPLIST_KEY_UIApplicationSceneManifest_Generation[sdk=iphoneos*]" = YES;
				"INFOPLIST_KEY_UIApplicationSceneManifest_Generation[sdk=iphonesimulator*]" = YES;
				"INFOPLIST_KEY_UIApplicationSupportsIndirectInputEvents[sdk=iphoneos*]" = YES;
				"INFOPLIST_KEY_UIApplicationSupportsIndirectInputEvents[sdk=iphonesimulator*]" = YES;
				"INFOPLIST_KEY_UILaunchScreen_Generation[sdk=iphoneos*]" = YES;
				"INFOPLIST_KEY_UILaunchScreen_Generation[sdk=iphonesimulator*]" = YES;
				"INFOPLIST_KEY_UIStatusBarStyle[sdk=iphoneos*]" = UIStatusBarStyleDefault;
				"INFOPLIST_KEY_UIStatusBarStyle[sdk=iphonesimulator*]" = UIStatusBarStyleDefault;
				INFOPLIST_KEY_UISupportedInterfaceOrientations_iPad = "UIInterfaceOrientationPortrait UIInterfaceOrientationPortraitUpsideDown UIInterfaceOrientationLandscapeLeft UIInterfaceOrientationLandscapeRight";
				INFOPLIST_KEY_UISupportedInterfaceOrientations_iPhone = "UIInterfaceOrientationPortrait UIInterfaceOrientationLandscapeLeft UIInterfaceOrientationLandscapeRight";
				IPHONEOS_DEPLOYMENT_TARGET = 17.4;
				LD_RUNPATH_SEARCH_PATHS = "@executable_path/Frameworks";
				"LD_RUNPATH_SEARCH_PATHS[sdk=macosx*]" = "@executable_path/../Frameworks";
				MACOSX_DEPLOYMENT_TARGET = 14.3;
				MARKETING_VERSION = 1.0;
				PRODUCT_BUNDLE_IDENTIFIER = com.adamdahan.RainbowExamples;
				PRODUCT_NAME = "$(TARGET_NAME)";
				SDKROOT = auto;
				SUPPORTED_PLATFORMS = "appletvos appletvsimulator iphoneos iphonesimulator macosx";
				SUPPORTS_MACCATALYST = NO;
				SWIFT_EMIT_LOC_STRINGS = YES;
				SWIFT_VERSION = 5.0;
				TARGETED_DEVICE_FAMILY = "1,2,3";
			};
			name = Release;
		};
/* End XCBuildConfiguration section */

/* Begin XCConfigurationList section */
		9A96F0712C2B0F0100E02B6B /* Build configuration list for PBXProject "RainbowExamples" */ = {
			isa = XCConfigurationList;
			buildConfigurations = (
				9A96F0832C2B0F0200E02B6B /* Debug */,
				9A96F0842C2B0F0200E02B6B /* Release */,
			);
			defaultConfigurationIsVisible = 0;
			defaultConfigurationName = Release;
		};
		9A96F0852C2B0F0200E02B6B /* Build configuration list for PBXNativeTarget "RainbowExamples" */ = {
			isa = XCConfigurationList;
			buildConfigurations = (
				9A96F0862C2B0F0200E02B6B /* Debug */,
				9A96F0872C2B0F0200E02B6B /* Release */,
			);
			defaultConfigurationIsVisible = 0;
			defaultConfigurationName = Release;
		};
/* End XCConfigurationList section */

/* Begin XCLocalSwiftPackageReference section */
		9AC52A272D2AF1C400590523 /* XCLocalSwiftPackageReference "../../Rainbow" */ = {
			isa = XCLocalSwiftPackageReference;
			relativePath = ../../Rainbow;
		};
/* End XCLocalSwiftPackageReference section */

/* Begin XCSwiftPackageProductDependency section */
		9A0188802C5417E30041D4AC /* Rainbow */ = {
			isa = XCSwiftPackageProductDependency;
			productName = Rainbow;
		};
		9A0188832C54183E0041D4AC /* Rainbow */ = {
			isa = XCSwiftPackageProductDependency;
			productName = Rainbow;
		};
		9A0188892C5419880041D4AC /* Rainbow */ = {
			isa = XCSwiftPackageProductDependency;
			productName = Rainbow;
		};
		9A01888F2C54200D0041D4AC /* Rainbow */ = {
			isa = XCSwiftPackageProductDependency;
			productName = Rainbow;
		};
		9A4B028E2C501630005D7494 /* Rainbow */ = {
			isa = XCSwiftPackageProductDependency;
			productName = Rainbow;
		};
		9A557CB72C51BC3B0053BF33 /* Rainbow */ = {
			isa = XCSwiftPackageProductDependency;
			productName = Rainbow;
		};
		9A557CBD2C51C28F0053BF33 /* Rainbow */ = {
			isa = XCSwiftPackageProductDependency;
			productName = Rainbow;
		};
		9A96F0892C2B0F3200E02B6B /* Rainbow */ = {
			isa = XCSwiftPackageProductDependency;
			productName = Rainbow;
		};
		9AC52A282D2AF1C400590523 /* Rainbow */ = {
			isa = XCSwiftPackageProductDependency;
			productName = Rainbow;
		};
		9AE54E502C3AD3B500377088 /* Rainbow */ = {
			isa = XCSwiftPackageProductDependency;
			productName = Rainbow;
		};
/* End XCSwiftPackageProductDependency section */
	};
	rootObject = 9A96F06E2C2B0F0100E02B6B /* Project object */;
}
