// !$*UTF8*$!
{
	archiveVersion = 1;
	classes = {
	};
	objectVersion = 56;
	objects = {

/* Begin PBXBuildFile section */
		9AAB301B2C15DA1100274637 /* ToastViewSwiftUIExampleApp.swift in Sources */ = {isa = PBXBuildFile; fileRef = 9AAB301A2C15DA1100274637 /* ToastViewSwiftUIExampleApp.swift */; };
		9AAB301D2C15DA1100274637 /* ContentView.swift in Sources */ = {isa = PBXBuildFile; fileRef = 9AAB301C2C15DA1100274637 /* ContentView.swift */; };
		9AAB301F2C15DA1100274637 /* Assets.xcassets in Resources */ = {isa = PBXBuildFile; fileRef = 9AAB301E2C15DA1100274637 /* Assets.xcassets */; };
		9AAB30222C15DA1100274637 /* Preview Assets.xcassets in Resources */ = {isa = PBXBuildFile; fileRef = 9AAB30212C15DA1100274637 /* Preview Assets.xcassets */; };
		9AAB30332C15E4FD00274637 /* ToastView in Frameworks */ = {isa = PBXBuildFile; productRef = 9AAB30322C15E4FD00274637 /* ToastView */; };
		9AD8AACD2C161F5D0044CC0F /* ToastView in Frameworks */ = {isa = PBXBuildFile; productRef = 9AD8AACC2C161F5D0044CC0F /* ToastView */; };
/* End PBXBuildFile section */

/* Begin PBXFileReference section */
		9AAB30172C15DA1100274637 /* ToastViewSwiftUIExample.app */ = {isa = PBXFileReference; explicitFileType = wrapper.application; includeInIndex = 0; path = ToastViewSwiftUIExample.app; sourceTree = BUILT_PRODUCTS_DIR; };
		9AAB301A2C15DA1100274637 /* ToastViewSwiftUIExampleApp.swift */ = {isa = PBXFileReference; lastKnownFileType = sourcecode.swift; path = ToastViewSwiftUIExampleApp.swift; sourceTree = "<group>"; };
		9AAB301C2C15DA1100274637 /* ContentView.swift */ = {isa = PBXFileReference; lastKnownFileType = sourcecode.swift; path = ContentView.swift; sourceTree = "<group>"; };
		9AAB301E2C15DA1100274637 /* Assets.xcassets */ = {isa = PBXFileReference; lastKnownFileType = folder.assetcatalog; path = Assets.xcassets; sourceTree = "<group>"; };
		9AAB30212C15DA1100274637 /* Preview Assets.xcassets */ = {isa = PBXFileReference; lastKnownFileType = folder.assetcatalog; path = "Preview Assets.xcassets"; sourceTree = "<group>"; };
/* End PBXFileReference section */

/* Begin PBXFrameworksBuildPhase section */
		9AAB30142C15DA1100274637 /* Frameworks */ = {
			isa = PBXFrameworksBuildPhase;
			buildActionMask = 2147483647;
			files = (
				9AAB30332C15E4FD00274637 /* ToastView in Frameworks */,
				9AD8AACD2C161F5D0044CC0F /* ToastView in Frameworks */,
			);
			runOnlyForDeploymentPostprocessing = 0;
		};
/* End PBXFrameworksBuildPhase section */

/* Begin PBXGroup section */
		9AAB300E2C15DA1100274637 = {
			isa = PBXGroup;
			children = (
				9AAB30192C15DA1100274637 /* ToastViewSwiftUIExample */,
				9AAB30182C15DA1100274637 /* Products */,
			);
			sourceTree = "<group>";
		};
		9AAB30182C15DA1100274637 /* Products */ = {
			isa = PBXGroup;
			children = (
				9AAB30172C15DA1100274637 /* ToastViewSwiftUIExample.app */,
			);
			name = Products;
			sourceTree = "<group>";
		};
		9AAB30192C15DA1100274637 /* ToastViewSwiftUIExample */ = {
			isa = PBXGroup;
			children = (
				9AAB301A2C15DA1100274637 /* ToastViewSwiftUIExampleApp.swift */,
				9AAB301C2C15DA1100274637 /* ContentView.swift */,
				9AAB301E2C15DA1100274637 /* Assets.xcassets */,
				9AAB30202C15DA1100274637 /* Preview Content */,
			);
			path = ToastViewSwiftUIExample;
			sourceTree = "<group>";
		};
		9AAB30202C15DA1100274637 /* Preview Content */ = {
			isa = PBXGroup;
			children = (
				9AAB30212C15DA1100274637 /* Preview Assets.xcassets */,
			);
			path = "Preview Content";
			sourceTree = "<group>";
		};
/* End PBXGroup section */

/* Begin PBXNativeTarget section */
		9AAB30162C15DA1100274637 /* ToastViewSwiftUIExample */ = {
			isa = PBXNativeTarget;
			buildConfigurationList = 9AAB30252C15DA1100274637 /* Build configuration list for PBXNativeTarget "ToastViewSwiftUIExample" */;
			buildPhases = (
				9AAB30132C15DA1100274637 /* Sources */,
				9AAB30142C15DA1100274637 /* Frameworks */,
				9AAB30152C15DA1100274637 /* Resources */,
			);
			buildRules = (
			);
			dependencies = (
			);
			name = ToastViewSwiftUIExample;
			packageProductDependencies = (
				9AAB30322C15E4FD00274637 /* ToastView */,
				9AD8AACC2C161F5D0044CC0F /* ToastView */,
			);
			productName = ToastViewSwiftUIExample;
			productReference = 9AAB30172C15DA1100274637 /* ToastViewSwiftUIExample.app */;
			productType = "com.apple.product-type.application";
		};
/* End PBXNativeTarget section */

/* Begin PBXProject section */
		9AAB300F2C15DA1100274637 /* Project object */ = {
			isa = PBXProject;
			attributes = {
				BuildIndependentTargetsInParallel = 1;
				LastSwiftUpdateCheck = 1530;
				LastUpgradeCheck = 1530;
				TargetAttributes = {
					9AAB30162C15DA1100274637 = {
						CreatedOnToolsVersion = 15.3;
					};
				};
			};
			buildConfigurationList = 9AAB30122C15DA1100274637 /* Build configuration list for PBXProject "ToastViewSwiftUIExample" */;
			compatibilityVersion = "Xcode 14.0";
			developmentRegion = en;
			hasScannedForEncodings = 0;
			knownRegions = (
				en,
				Base,
			);
			mainGroup = 9AAB300E2C15DA1100274637;
			packageReferences = (
				9AD8AACB2C161F5D0044CC0F /* XCRemoteSwiftPackageReference "ToastView" */,
			);
			productRefGroup = 9AAB30182C15DA1100274637 /* Products */;
			projectDirPath = "";
			projectRoot = "";
			targets = (
				9AAB30162C15DA1100274637 /* ToastViewSwiftUIExample */,
			);
		};
/* End PBXProject section */

/* Begin PBXResourcesBuildPhase section */
		9AAB30152C15DA1100274637 /* Resources */ = {
			isa = PBXResourcesBuildPhase;
			buildActionMask = 2147483647;
			files = (
				9AAB30222C15DA1100274637 /* Preview Assets.xcassets in Resources */,
				9AAB301F2C15DA1100274637 /* Assets.xcassets in Resources */,
			);
			runOnlyForDeploymentPostprocessing = 0;
		};
/* End PBXResourcesBuildPhase section */

/* Begin PBXSourcesBuildPhase section */
		9AAB30132C15DA1100274637 /* Sources */ = {
			isa = PBXSourcesBuildPhase;
			buildActionMask = 2147483647;
			files = (
				9AAB301D2C15DA1100274637 /* ContentView.swift in Sources */,
				9AAB301B2C15DA1100274637 /* ToastViewSwiftUIExampleApp.swift in Sources */,
			);
			runOnlyForDeploymentPostprocessing = 0;
		};
/* End PBXSourcesBuildPhase section */

/* Begin XCBuildConfiguration section */
		9AAB30232C15DA1100274637 /* Debug */ = {
			isa = XCBuildConfiguration;
			buildSettings = {
				ALWAYS_SEARCH_USER_PATHS = NO;
				ASSETCATALOG_COMPILER_GENERATE_SWIFT_ASSET_SYMBOL_EXTENSIONS = YES;
				CLANG_ANALYZER_NONNULL = YES;
				CLANG_ANALYZER_NUMBER_OBJECT_CONVERSION = YES_AGGRESSIVE;
				CLANG_CXX_LANGUAGE_STANDARD = "gnu++20";
				CLANG_ENABLE_MODULES = YES;
				CLANG_ENABLE_OBJC_ARC = YES;
				CLANG_ENABLE_OBJC_WEAK = YES;
				CLANG_WARN_BLOCK_CAPTURE_AUTORELEASING = YES;
				CLANG_WARN_BOOL_CONVERSION = YES;
				CLANG_WARN_COMMA = YES;
				CLANG_WARN_CONSTANT_CONVERSION = YES;
				CLANG_WARN_DEPRECATED_OBJC_IMPLEMENTATIONS = YES;
				CLANG_WARN_DIRECT_OBJC_ISA_USAGE = YES_ERROR;
				CLANG_WARN_DOCUMENTATION_COMMENTS = YES;
				CLANG_WARN_EMPTY_BODY = YES;
				CLANG_WARN_ENUM_CONVERSION = YES;
				CLANG_WARN_INFINITE_RECURSION = YES;
				CLANG_WARN_INT_CONVERSION = YES;
				CLANG_WARN_NON_LITERAL_NULL_CONVERSION = YES;
				CLANG_WARN_OBJC_IMPLICIT_RETAIN_SELF = YES;
				CLANG_WARN_OBJC_LITERAL_CONVERSION = YES;
				CLANG_WARN_OBJC_ROOT_CLASS = YES_ERROR;
				CLANG_WARN_QUOTED_INCLUDE_IN_FRAMEWORK_HEADER = YES;
				CLANG_WARN_RANGE_LOOP_ANALYSIS = YES;
				CLANG_WARN_STRICT_PROTOTYPES = YES;
				CLANG_WARN_SUSPICIOUS_MOVE = YES;
				CLANG_WARN_UNGUARDED_AVAILABILITY = YES_AGGRESSIVE;
				CLANG_WARN_UNREACHABLE_CODE = YES;
				CLANG_WARN__DUPLICATE_METHOD_MATCH = YES;
				COPY_PHASE_STRIP = NO;
				DEBUG_INFORMATION_FORMAT = dwarf;
				ENABLE_STRICT_OBJC_MSGSEND = YES;
				ENABLE_TESTABILITY = YES;
				ENABLE_USER_SCRIPT_SANDBOXING = YES;
				GCC_C_LANGUAGE_STANDARD = gnu17;
				GCC_DYNAMIC_NO_PIC = NO;
				GCC_NO_COMMON_BLOCKS = YES;
				GCC_OPTIMIZATION_LEVEL = 0;
				GCC_PREPROCESSOR_DEFINITIONS = (
					"DEBUG=1",
					"$(inherited)",
				);
				GCC_WARN_64_TO_32_BIT_CONVERSION = YES;
				GCC_WARN_ABOUT_RETURN_TYPE = YES_ERROR;
				GCC_WARN_UNDECLARED_SELECTOR = YES;
				GCC_WARN_UNINITIALIZED_AUTOS = YES_AGGRESSIVE;
				GCC_WARN_UNUSED_FUNCTION = YES;
				GCC_WARN_UNUSED_VARIABLE = YES;
				IPHONEOS_DEPLOYMENT_TARGET = 17.4;
				LOCALIZATION_PREFERS_STRING_CATALOGS = YES;
				MTL_ENABLE_DEBUG_INFO = INCLUDE_SOURCE;
				MTL_FAST_MATH = YES;
				ONLY_ACTIVE_ARCH = YES;
				SDKROOT = iphoneos;
				SWIFT_ACTIVE_COMPILATION_CONDITIONS = "DEBUG $(inherited)";
				SWIFT_OPTIMIZATION_LEVEL = "-Onone";
			};
			name = Debug;
		};
		9AAB30242C15DA1100274637 /* Release */ = {
			isa = XCBuildConfiguration;
			buildSettings = {
				ALWAYS_SEARCH_USER_PATHS = NO;
				ASSETCATALOG_COMPILER_GENERATE_SWIFT_ASSET_SYMBOL_EXTENSIONS = YES;
				CLANG_ANALYZER_NONNULL = YES;
				CLANG_ANALYZER_NUMBER_OBJECT_CONVERSION = YES_AGGRESSIVE;
				CLANG_CXX_LANGUAGE_STANDARD = "gnu++20";
				CLANG_ENABLE_MODULES = YES;
				CLANG_ENABLE_OBJC_ARC = YES;
				CLANG_ENABLE_OBJC_WEAK = YES;
				CLANG_WARN_BLOCK_CAPTURE_AUTORELEASING = YES;
				CLANG_WARN_BOOL_CONVERSION = YES;
				CLANG_WARN_COMMA = YES;
				CLANG_WARN_CONSTANT_CONVERSION = YES;
				CLANG_WARN_DEPRECATED_OBJC_IMPLEMENTATIONS = YES;
				CLANG_WARN_DIRECT_OBJC_ISA_USAGE = YES_ERROR;
				CLANG_WARN_DOCUMENTATION_COMMENTS = YES;
				CLANG_WARN_EMPTY_BODY = YES;
				CLANG_WARN_ENUM_CONVERSION = YES;
				CLANG_WARN_INFINITE_RECURSION = YES;
				CLANG_WARN_INT_CONVERSION = YES;
				CLANG_WARN_NON_LITERAL_NULL_CONVERSION = YES;
				CLANG_WARN_OBJC_IMPLICIT_RETAIN_SELF = YES;
				CLANG_WARN_OBJC_LITERAL_CONVERSION = YES;
				CLANG_WARN_OBJC_ROOT_CLASS = YES_ERROR;
				CLANG_WARN_QUOTED_INCLUDE_IN_FRAMEWORK_HEADER = YES;
				CLANG_WARN_RANGE_LOOP_ANALYSIS = YES;
				CLANG_WARN_STRICT_PROTOTYPES = YES;
				CLANG_WARN_SUSPICIOUS_MOVE = YES;
				CLANG_WARN_UNGUARDED_AVAILABILITY = YES_AGGRESSIVE;
				CLANG_WARN_UNREACHABLE_CODE = YES;
				CLANG_WARN__DUPLICATE_METHOD_MATCH = YES;
				COPY_PHASE_STRIP = NO;
				DEBUG_INFORMATION_FORMAT = "dwarf-with-dsym";
				ENABLE_NS_ASSERTIONS = NO;
				ENABLE_STRICT_OBJC_MSGSEND = YES;
				ENABLE_USER_SCRIPT_SANDBOXING = YES;
				GCC_C_LANGUAGE_STANDARD = gnu17;
				GCC_NO_COMMON_BLOCKS = YES;
				GCC_WARN_64_TO_32_BIT_CONVERSION = YES;
				GCC_WARN_ABOUT_RETURN_TYPE = YES_ERROR;
				GCC_WARN_UNDECLARED_SELECTOR = YES;
				GCC_WARN_UNINITIALIZED_AUTOS = YES_AGGRESSIVE;
				GCC_WARN_UNUSED_FUNCTION = YES;
				GCC_WARN_UNUSED_VARIABLE = YES;
				IPHONEOS_DEPLOYMENT_TARGET = 17.4;
				LOCALIZATION_PREFERS_STRING_CATALOGS = YES;
				MTL_ENABLE_DEBUG_INFO = NO;
				MTL_FAST_MATH = YES;
				SDKROOT = iphoneos;
				SWIFT_COMPILATION_MODE = wholemodule;
				VALIDATE_PRODUCT = YES;
			};
			name = Release;
		};
		9AAB30262C15DA1100274637 /* Debug */ = {
			isa = XCBuildConfiguration;
			buildSettings = {
				ASSETCATALOG_COMPILER_APPICON_NAME = AppIcon;
				ASSETCATALOG_COMPILER_GLOBAL_ACCENT_COLOR_NAME = AccentColor;
				CODE_SIGN_STYLE = Automatic;
				CURRENT_PROJECT_VERSION = 1;
				DEVELOPMENT_ASSET_PATHS = "\"ToastViewSwiftUIExample/Preview Content\"";
				DEVELOPMENT_TEAM = 4956A4G3WL;
				ENABLE_PREVIEWS = YES;
				GENERATE_INFOPLIST_FILE = YES;
				INFOPLIST_KEY_UIApplicationSceneManifest_Generation = YES;
				INFOPLIST_KEY_UIApplicationSupportsIndirectInputEvents = YES;
				INFOPLIST_KEY_UILaunchScreen_Generation = YES;
				INFOPLIST_KEY_UISupportedInterfaceOrientations_iPad = "UIInterfaceOrientationPortrait UIInterfaceOrientationPortraitUpsideDown UIInterfaceOrientationLandscapeLeft UIInterfaceOrientationLandscapeRight";
				INFOPLIST_KEY_UISupportedInterfaceOrientations_iPhone = "UIInterfaceOrientationPortrait UIInterfaceOrientationLandscapeLeft UIInterfaceOrientationLandscapeRight";
				LD_RUNPATH_SEARCH_PATHS = (
					"$(inherited)",
					"@executable_path/Frameworks",
				);
				MARKETING_VERSION = 1.0;
				PRODUCT_BUNDLE_IDENTIFIER = com.adamdahan.ToastViewSwiftUIExample;
				PRODUCT_NAME = "$(TARGET_NAME)";
				SWIFT_EMIT_LOC_STRINGS = YES;
				SWIFT_VERSION = 5.0;
				TARGETED_DEVICE_FAMILY = "1,2";
			};
			name = Debug;
		};
		9AAB30272C15DA1100274637 /* Release */ = {
			isa = XCBuildConfiguration;
			buildSettings = {
				ASSETCATALOG_COMPILER_APPICON_NAME = AppIcon;
				ASSETCATALOG_COMPILER_GLOBAL_ACCENT_COLOR_NAME = AccentColor;
				CODE_SIGN_STYLE = Automatic;
				CURRENT_PROJECT_VERSION = 1;
				DEVELOPMENT_ASSET_PATHS = "\"ToastViewSwiftUIExample/Preview Content\"";
				DEVELOPMENT_TEAM = 4956A4G3WL;
				ENABLE_PREVIEWS = YES;
				GENERATE_INFOPLIST_FILE = YES;
				INFOPLIST_KEY_UIApplicationSceneManifest_Generation = YES;
				INFOPLIST_KEY_UIApplicationSupportsIndirectInputEvents = YES;
				INFOPLIST_KEY_UILaunchScreen_Generation = YES;
				INFOPLIST_KEY_UISupportedInterfaceOrientations_iPad = "UIInterfaceOrientationPortrait UIInterfaceOrientationPortraitUpsideDown UIInterfaceOrientationLandscapeLeft UIInterfaceOrientationLandscapeRight";
				INFOPLIST_KEY_UISupportedInterfaceOrientations_iPhone = "UIInterfaceOrientationPortrait UIInterfaceOrientationLandscapeLeft UIInterfaceOrientationLandscapeRight";
				LD_RUNPATH_SEARCH_PATHS = (
					"$(inherited)",
					"@executable_path/Frameworks",
				);
				MARKETING_VERSION = 1.0;
				PRODUCT_BUNDLE_IDENTIFIER = com.adamdahan.ToastViewSwiftUIExample;
				PRODUCT_NAME = "$(TARGET_NAME)";
				SWIFT_EMIT_LOC_STRINGS = YES;
				SWIFT_VERSION = 5.0;
				TARGETED_DEVICE_FAMILY = "1,2";
			};
			name = Release;
		};
/* End XCBuildConfiguration section */

/* Begin XCConfigurationList section */
		9AAB30122C15DA1100274637 /* Build configuration list for PBXProject "ToastViewSwiftUIExample" */ = {
			isa = XCConfigurationList;
			buildConfigurations = (
				9AAB30232C15DA1100274637 /* Debug */,
				9AAB30242C15DA1100274637 /* Release */,
			);
			defaultConfigurationIsVisible = 0;
			defaultConfigurationName = Release;
		};
		9AAB30252C15DA1100274637 /* Build configuration list for PBXNativeTarget "ToastViewSwiftUIExample" */ = {
			isa = XCConfigurationList;
			buildConfigurations = (
				9AAB30262C15DA1100274637 /* Debug */,
				9AAB30272C15DA1100274637 /* Release */,
			);
			defaultConfigurationIsVisible = 0;
			defaultConfigurationName = Release;
		};
/* End XCConfigurationList section */

/* Begin XCRemoteSwiftPackageReference section */
		9AD8AACB2C161F5D0044CC0F /* XCRemoteSwiftPackageReference "ToastView" */ = {
			isa = XCRemoteSwiftPackageReference;
			repositoryURL = "https://github.com/iheartswift/ToastView.git";
			requirement = {
				branch = main;
				kind = branch;
			};
		};
/* End XCRemoteSwiftPackageReference section */

/* Begin XCSwiftPackageProductDependency section */
		9AAB30322C15E4FD00274637 /* ToastView */ = {
			isa = XCSwiftPackageProductDependency;
			productName = ToastView;
		};
		9AD8AACC2C161F5D0044CC0F /* ToastView */ = {
			isa = XCSwiftPackageProductDependency;
			package = 9AD8AACB2C161F5D0044CC0F /* XCRemoteSwiftPackageReference "ToastView" */;
			productName = ToastView;
		};
/* End XCSwiftPackageProductDependency section */
	};
	rootObject = 9AAB300F2C15DA1100274637 /* Project object */;
}
